
Microsoft Visual Studio Solution File, Format Version 12.00
# Visual Studio Version 16
VisualStudioVersion = 16.0.29411.108
MinimumVisualStudioVersion = 10.0.40219.1
Project("{FAE04EC0-301F-11D3-BF4B-00C04F79EFBC}") = "LinqPrac", "LinqPrac.csproj", "{C8E2C8D6-547C-4146-AAF3-9A3DCF131A7B}"
EndProject
Global
	GlobalSection(SolutionConfigurationPlatforms) = preSolution
		Debug|Any CPU = Debug|Any CPU
		Release|Any CPU = Release|Any CPU
	EndGlobalSection
	GlobalSection(ProjectConfigurationPlatforms) = postSolution
		{C8E2C8D6-547C-4146-AAF3-9A3DCF131A7B}.Debug|Any CPU.ActiveCfg = Debug|Any CPU
		{C8E2C8D6-547C-4146-AAF3-9A3DCF131A7B}.Debug|Any CPU.Build.0 = Debug|Any CPU
		{C8E2C8D6-547C-4146-AAF3-9A3DCF131A7B}.Release|Any CPU.ActiveCfg = Release|Any CPU
		{C8E2C8D6-547C-4146-AAF3-9A3DCF131A7B}.Release|Any CPU.Build.0 = Release|Any CPU
	EndGlobalSection
	GlobalSection(SolutionProperties) = preSolution
		HideSolutionNode = FALSE
	EndGlobalSection
	GlobalSection(ExtensibilityGlobals) = postSolution
		SolutionGuid = {A99F5161-E3EA-48C8-8593-627FBCDA5EF1}
	EndGlobalSection
EndGlobal
